
Microsoft Visual Studio Solution File, Format Version 12.00
# Visual Studio Version 17
VisualStudioVersion = 17.3.32922.545
MinimumVisualStudioVersion = 10.0.40219.1
Project("{FAE04EC0-301F-11D3-BF4B-00C04F79EFBC}") = "BotyObchodASP", "BotyObchodASP\BotyObchodASP.csproj", "{1C597F84-B481-4B72-BC6C-DF6F0A2B4549}"
EndProject
Global
	GlobalSection(SolutionConfigurationPlatforms) = preSolution
		Debug|Any CPU = Debug|Any CPU
		Release|Any CPU = Release|Any CPU
	EndGlobalSection
	GlobalSection(ProjectConfigurationPlatforms) = postSolution
		{1C597F84-B481-4B72-BC6C-DF6F0A2B4549}.Debug|Any CPU.ActiveCfg = Debug|Any CPU
		{1C597F84-B481-4B72-BC6C-DF6F0A2B4549}.Debug|Any CPU.Build.0 = Debug|Any CPU
		{1C597F84-B481-4B72-BC6C-DF6F0A2B4549}.Release|Any CPU.ActiveCfg = Release|Any CPU
		{1C597F84-B481-4B72-BC6C-DF6F0A2B4549}.Release|Any CPU.Build.0 = Release|Any CPU
	EndGlobalSection
	GlobalSection(SolutionProperties) = preSolution
		HideSolutionNode = FALSE
	EndGlobalSection
	GlobalSection(ExtensibilityGlobals) = postSolution
		SolutionGuid = {D294DD12-66F1-4AF6-A153-B80D984D0E2C}
	EndGlobalSection
EndGlobal
